{
  "nodes": {
    "agent-box": {
      "inputs": {
        "flake-utils": "flake-utils",
        "nixpkgs": [
          "nixpkgs"
        ],
        "rust-overlay": "rust-overlay"
      },
      "locked": {
        "lastModified": 1773988329,
        "narHash": "sha256-V1Sb4z61d+t1wlnbKeXuUMnpZNrH1j9oAD/uXUYQxuY=",
        "owner": "0xferrous",
        "repo": "agent-box",
        "rev": "a3bcd3fdd5b7904f595d87e7184b983d720a28ea",
        "type": "github"
      },
      "original": {
        "owner": "0xferrous",
        "repo": "agent-box",
        "type": "github"
      }
    },
    "agent-box_2": {
      "inputs": {
        "flake-utils": "flake-utils_2",
        "nixpkgs": "nixpkgs_2",
        "rust-overlay": "rust-overlay_2"
      },
      "locked": {
        "lastModified": 1773806977,
        "narHash": "sha256-GZkGH4BTZyMz0vF0dUSdyLN4qkhGRvLXBbd6Q+uQNVI=",
        "owner": "0xferrous",
        "repo": "agent-box",
        "rev": "37e4f43abc74606a22dcd57b7140505c1fb0ba31",
        "type": "github"
      },
      "original": {
        "owner": "0xferrous",
        "repo": "agent-box",
        "type": "github"
      }
    },
    "agent-images": {
      "inputs": {
        "agent-box": "agent-box_2",
        "git-hooks": "git-hooks",
        "llm-agents": "llm-agents",
        "nixpkgs": [
          "nixpkgs"
        ],
        "systems": "systems_4",
        "treefmt-nix": "treefmt-nix_2"
      },
      "locked": {
        "lastModified": 1775717137,
        "narHash": "sha256-hH3pcCneiNVY5kX6tnpGhABqEPPhlEnlUAEcgSKlck8=",
        "owner": "nothingnesses",
        "repo": "agent-images",
        "rev": "4c1560d9fc1eda49e840f21266070f0776d1c779",
        "type": "github"
      },
      "original": {
        "owner": "nothingnesses",
        "repo": "agent-images",
        "type": "github"
      }
    },
    "blueprint": {
      "inputs": {
        "nixpkgs": [
          "agent-images",
          "llm-agents",
          "nixpkgs"
        ],
        "systems": [
          "agent-images",
          "llm-agents",
          "systems"
        ]
      },
      "locked": {
        "lastModified": 1771437256,
        "narHash": "sha256-bLqwib+rtyBRRVBWhMuBXPCL/OThfokA+j6+uH7jDGU=",
        "owner": "numtide",
        "repo": "blueprint",
        "rev": "06ee7190dc2620ea98af9eb225aa9627b68b0e33",
        "type": "github"
      },
      "original": {
        "owner": "numtide",
        "repo": "blueprint",
        "type": "github"
      }
    },
    "blueprint_2": {
      "inputs": {
        "nixpkgs": [
          "llm-agents",
          "nixpkgs"
        ],
        "systems": [
          "llm-agents",
          "systems"
        ]
      },
      "locked": {
        "lastModified": 1776249299,
        "narHash": "sha256-Dt9t1TGRmJFc0xVYhttNBD6QsAgHOHCArqGa0AyjrJY=",
        "owner": "numtide",
        "repo": "blueprint",
        "rev": "56131e8628f173d24a27f6d27c0215eff57e40dd",
        "type": "github"
      },
      "original": {
        "owner": "numtide",
        "repo": "blueprint",
        "type": "github"
      }
    },
    "bun2nix": {
      "inputs": {
        "flake-parts": [
          "agent-images",
          "llm-agents",
          "flake-parts"
        ],
        "import-tree": "import-tree",
        "nixpkgs": [
          "agent-images",
          "llm-agents",
          "nixpkgs"
        ],
        "systems": [
          "agent-images",
          "llm-agents",
          "systems"
        ],
        "treefmt-nix": [
          "agent-images",
          "llm-agents",
          "treefmt-nix"
        ]
      },
      "locked": {
        "lastModified": 1770895533,
        "narHash": "sha256-v3QaK9ugy9bN9RXDnjw0i2OifKmz2NnKM82agtqm/UY=",
        "owner": "nix-community",
        "repo": "bun2nix",
        "rev": "c843f477b15f51151f8c6bcc886954699440a6e1",
        "type": "github"
      },
      "original": {
        "owner": "nix-community",
        "repo": "bun2nix",
        "type": "github"
      }
    },
    "bun2nix_2": {
      "inputs": {
        "flake-parts": [
          "llm-agents",
          "flake-parts"
        ],
        "nixpkgs": [
          "llm-agents",
          "nixpkgs"
        ],
        "systems": [
          "llm-agents",
          "systems"
        ],
        "treefmt-nix": [
          "llm-agents",
          "treefmt-nix"
        ]
      },
      "locked": {
        "lastModified": 1777369708,
        "narHash": "sha256-1xW7cRZNsFNPQD+cE0fwnLVStnDth0HSoASEIFeT7uI=",
        "owner": "nix-community",
        "repo": "bun2nix",
        "rev": "e659e1cc4b8e1b21d0aa85f1c481f9db61ecfa98",
        "type": "github"
      },
      "original": {
        "owner": "nix-community",
        "ref": "staging-2.1.0",
        "repo": "bun2nix",
        "type": "github"
      }
    },
    "fenix": {
      "inputs": {
        "nixpkgs": [
          "nixpkgs"
        ],
        "rust-analyzer-src": "rust-analyzer-src"
      },
      "locked": {
        "lastModified": 1776326782,
        "narHash": "sha256-QzTHb5vhPVensbkL7+WhemxFYXINcdZB1SQ5EMjG2AU=",
        "owner": "nix-community",
        "repo": "fenix",
        "rev": "47ece0146691d625f10a3d2ec4a2c04fca29a35b",
        "type": "github"
      },
      "original": {
        "owner": "nix-community",
        "repo": "fenix",
        "type": "github"
      }
    },
    "flake-compat": {
      "flake": false,
      "locked": {
        "lastModified": 1767039857,
        "narHash": "sha256-vNpUSpF5Nuw8xvDLj2KCwwksIbjua2LZCqhV1LNRDns=",
        "owner": "NixOS",
        "repo": "flake-compat",
        "rev": "5edf11c44bc78a0d334f6334cdaf7d60d732daab",
        "type": "github"
      },
      "original": {
        "owner": "NixOS",
        "repo": "flake-compat",
        "type": "github"
      }
    },
    "flake-parts": {
      "inputs": {
        "nixpkgs-lib": [
          "agent-images",
          "llm-agents",
          "nixpkgs"
        ]
      },
      "locked": {
        "lastModified": 1775087534,
        "narHash": "sha256-91qqW8lhL7TLwgQWijoGBbiD4t7/q75KTi8NxjVmSmA=",
        "owner": "hercules-ci",
        "repo": "flake-parts",
        "rev": "3107b77cd68437b9a76194f0f7f9c55f2329ca5b",
        "type": "github"
      },
      "original": {
        "owner": "hercules-ci",
        "repo": "flake-parts",
        "type": "github"
      }
    },
    "flake-parts_2": {
      "inputs": {
        "nixpkgs-lib": [
          "llm-agents",
          "nixpkgs"
        ]
      },
      "locked": {
        "lastModified": 1777678872,
        "narHash": "sha256-EPIFsulyon7Z1vLQq5Fk64GR8L7cQsT+IPhcsukVbgk=",
        "owner": "hercules-ci",
        "repo": "flake-parts",
        "rev": "5250617bffd85403b14dbf43c3870e7f255d2c16",
        "type": "github"
      },
      "original": {
        "owner": "hercules-ci",
        "repo": "flake-parts",
        "type": "github"
      }
    },
    "flake-utils": {
      "inputs": {
        "systems": "systems"
      },
      "locked": {
        "lastModified": 1731533236,
        "narHash": "sha256-l0KFg5HjrsfsO/JpG+r7fRrqm12kzFHyUHqHCVpMMbI=",
        "owner": "numtide",
        "repo": "flake-utils",
        "rev": "11707dc2f618dd54ca8739b309ec4fc024de578b",
        "type": "github"
      },
      "original": {
        "owner": "numtide",
        "repo": "flake-utils",
        "type": "github"
      }
    },
    "flake-utils_2": {
      "inputs": {
        "systems": "systems_2"
      },
      "locked": {
        "lastModified": 1731533236,
        "narHash": "sha256-l0KFg5HjrsfsO/JpG+r7fRrqm12kzFHyUHqHCVpMMbI=",
        "owner": "numtide",
        "repo": "flake-utils",
        "rev": "11707dc2f618dd54ca8739b309ec4fc024de578b",
        "type": "github"
      },
      "original": {
        "owner": "numtide",
        "repo": "flake-utils",
        "type": "github"
      }
    },
    "flake-utils_3": {
      "inputs": {
        "systems": "systems_5"
      },
      "locked": {
        "lastModified": 1731533236,
        "narHash": "sha256-l0KFg5HjrsfsO/JpG+r7fRrqm12kzFHyUHqHCVpMMbI=",
        "owner": "numtide",
        "repo": "flake-utils",
        "rev": "11707dc2f618dd54ca8739b309ec4fc024de578b",
        "type": "github"
      },
      "original": {
        "owner": "numtide",
        "repo": "flake-utils",
        "type": "github"
      }
    },
    "flake-utils_4": {
      "locked": {
        "lastModified": 1644229661,
        "narHash": "sha256-1YdnJAsNy69bpcjuoKdOYQX0YxZBiCYZo4Twxerqv7k=",
        "owner": "numtide",
        "repo": "flake-utils",
        "rev": "3cecb5b042f7f209c56ffd8371b2711a290ec797",
        "type": "github"
      },
      "original": {
        "owner": "numtide",
        "repo": "flake-utils",
        "type": "github"
      }
    },
    "flake-utils_5": {
      "locked": {
        "lastModified": 1644229661,
        "narHash": "sha256-1YdnJAsNy69bpcjuoKdOYQX0YxZBiCYZo4Twxerqv7k=",
        "owner": "numtide",
        "repo": "flake-utils",
        "rev": "3cecb5b042f7f209c56ffd8371b2711a290ec797",
        "type": "github"
      },
      "original": {
        "owner": "numtide",
        "repo": "flake-utils",
        "type": "github"
      }
    },
    "foundry-nightly": {
      "inputs": {
        "flake-utils": "flake-utils_4",
        "nixpkgs": [
          "nixpkgs"
        ]
      },
      "locked": {
        "lastModified": 1777535107,
        "narHash": "sha256-Yyhq9fGdgV1rUBahPt7E+Aivt3TTdZx8n3f+RANK1Dg=",
        "owner": "shazow",
        "repo": "foundry.nix",
        "rev": "a1c50e62f61771cb91ab4fda06d0c782c6a7f8b4",
        "type": "github"
      },
      "original": {
        "owner": "shazow",
        "ref": "main",
        "repo": "foundry.nix",
        "type": "github"
      }
    },
    "foundry-stable": {
      "inputs": {
        "flake-utils": "flake-utils_5",
        "nixpkgs": [
          "nixpkgs"
        ]
      },
      "locked": {
        "lastModified": 1777456281,
        "narHash": "sha256-Nf0j/os+7D1+pXgHePxxgQtqzN4oALV/UY4rQT6BmJM=",
        "owner": "shazow",
        "repo": "foundry.nix",
        "rev": "8f77bc850d6afe8458e105493ac150a21b3c4f51",
        "type": "github"
      },
      "original": {
        "owner": "shazow",
        "ref": "stable",
        "repo": "foundry.nix",
        "type": "github"
      }
    },
    "frs-nvim": {
      "inputs": {
        "nix-wrapper-modules": "nix-wrapper-modules",
        "nixpkgs": [
          "nixpkgs"
        ],
        "plugin-ansi-nvim": "plugin-ansi-nvim",
        "plugin-diffie-nvim": "plugin-diffie-nvim",
        "plugin-eth-nvim": "plugin-eth-nvim",
        "plugin-feed-nvim": "plugin-feed-nvim",
        "plugin-floating-help": "plugin-floating-help",
        "plugin-flote": "plugin-flote",
        "plugin-logger-nvim": "plugin-logger-nvim",
        "plugin-mcphub-nvim": "plugin-mcphub-nvim",
        "plugin-neotest-foundry": "plugin-neotest-foundry",
        "plugin-nightsky-vim": "plugin-nightsky-vim",
        "plugin-stickybuf-nvim": "plugin-stickybuf-nvim",
        "plugin-toggleterm-manager": "plugin-toggleterm-manager",
        "plugin-vim-circom-syntax": "plugin-vim-circom-syntax"
      },
      "locked": {
        "path": "./pkgs/frs-nvim",
        "type": "path"
      },
      "original": {
        "path": "./pkgs/frs-nvim",
        "type": "path"
      },
      "parent": []
    },
    "ghmd": {
      "inputs": {
        "flake-utils": [
          "flake-utils"
        ],
        "nixpkgs": [
          "nixpkgs"
        ]
      },
      "locked": {
        "lastModified": 1776411921,
        "narHash": "sha256-xWJOTXmjv/rJBKpGydliPG8TiYc9tbamFSBqJLiwgNQ=",
        "owner": "0xferrous",
        "repo": "ghmd",
        "rev": "3e7ca3e29b03f6bc2c0628da68b7588bbfdeaa3a",
        "type": "github"
      },
      "original": {
        "owner": "0xferrous",
        "repo": "ghmd",
        "type": "github"
      }
    },
    "git-hooks": {
      "inputs": {
        "flake-compat": "flake-compat",
        "gitignore": "gitignore",
        "nixpkgs": [
          "agent-images",
          "nixpkgs"
        ]
      },
      "locked": {
        "lastModified": 1772893680,
        "narHash": "sha256-JDqZMgxUTCq85ObSaFw0HhE+lvdOre1lx9iI6vYyOEs=",
        "owner": "cachix",
        "repo": "git-hooks.nix",
        "rev": "8baab586afc9c9b57645a734c820e4ac0a604af9",
        "type": "github"
      },
      "original": {
        "owner": "cachix",
        "repo": "git-hooks.nix",
        "type": "github"
      }
    },
    "gitignore": {
      "inputs": {
        "nixpkgs": [
          "agent-images",
          "git-hooks",
          "nixpkgs"
        ]
      },
      "locked": {
        "lastModified": 1709087332,
        "narHash": "sha256-HG2cCnktfHsKV0s4XW83gU3F57gaTljL9KNSuG6bnQs=",
        "owner": "hercules-ci",
        "repo": "gitignore.nix",
        "rev": "637db329424fd7e46cf4185293b9cc8c88c95394",
        "type": "github"
      },
      "original": {
        "owner": "hercules-ci",
        "repo": "gitignore.nix",
        "type": "github"
      }
    },
    "import-tree": {
      "locked": {
        "lastModified": 1763762820,
        "narHash": "sha256-ZvYKbFib3AEwiNMLsejb/CWs/OL/srFQ8AogkebEPF0=",
        "owner": "vic",
        "repo": "import-tree",
        "rev": "3c23749d8013ec6daa1d7255057590e9ca726646",
        "type": "github"
      },
      "original": {
        "owner": "vic",
        "repo": "import-tree",
        "type": "github"
      }
    },
    "llm-agents": {
      "inputs": {
        "blueprint": "blueprint",
        "bun2nix": "bun2nix",
        "flake-parts": "flake-parts",
        "nixpkgs": "nixpkgs_4",
        "systems": "systems_3",
        "treefmt-nix": "treefmt-nix"
      },
      "locked": {
        "lastModified": 1775705124,
        "narHash": "sha256-OUtgrn0k7DYnAP9skY2rOJSWJyn4w5tnUcF3lSJdfME=",
        "owner": "numtide",
        "repo": "llm-agents.nix",
        "rev": "ca76524952b00135dba57da62ce2dd123a1ba4be",
        "type": "github"
      },
      "original": {
        "owner": "numtide",
        "repo": "llm-agents.nix",
        "type": "github"
      }
    },
    "llm-agents_2": {
      "inputs": {
        "blueprint": "blueprint_2",
        "bun2nix": "bun2nix_2",
        "flake-parts": "flake-parts_2",
        "nixpkgs": "nixpkgs_5",
        "systems": "systems_6",
        "treefmt-nix": "treefmt-nix_3"
      },
      "locked": {
        "lastModified": 1777872271,
        "narHash": "sha256-b4n3o4u/L+/MaVFE680IO6JcAPSxK8VnjKFGeE5FuZ4=",
        "owner": "numtide",
        "repo": "llm-agents.nix",
        "rev": "86419e2b868edebc48b12eae7850bdc02ddde4cb",
        "type": "github"
      },
      "original": {
        "owner": "numtide",
        "repo": "llm-agents.nix",
        "type": "github"
      }
    },
    "nix-index-database": {
      "inputs": {
        "nixpkgs": [
          "nixpkgs"
        ]
      },
      "locked": {
        "lastModified": 1774762074,
        "narHash": "sha256-89Mh4Eb/5stVJX6kGagVMijcU2FmfeD8Qv7UXc5d92o=",
        "owner": "nix-community",
        "repo": "nix-index-database",
        "rev": "bc13aeaed568be76eab84df88ff39261bb52ff70",
        "type": "github"
      },
      "original": {
        "owner": "nix-community",
        "repo": "nix-index-database",
        "type": "github"
      }
    },
    "nix-wrapper-modules": {
      "inputs": {
        "nixpkgs": [
          "frs-nvim",
          "nixpkgs"
        ]
      },
      "locked": {
        "lastModified": 1777671051,
        "narHash": "sha256-h215lfBUcT4/HlY7v56hjS90rjAbhKgRGxT6tuq5icc=",
        "owner": "BirdeeHub",
        "repo": "nix-wrapper-modules",
        "rev": "5eeeb153ad8869f584e949541e858f3be76e761a",
        "type": "github"
      },
      "original": {
        "owner": "BirdeeHub",
        "repo": "nix-wrapper-modules",
        "type": "github"
      }
    },
    "nixpkgs": {
      "locked": {
        "lastModified": 1744536153,
        "narHash": "sha256-awS2zRgF4uTwrOKwwiJcByDzDOdo3Q1rPZbiHQg/N38=",
        "owner": "NixOS",
        "repo": "nixpkgs",
        "rev": "18dd725c29603f582cf1900e0d25f9f1063dbf11",
        "type": "github"
      },
      "original": {
        "owner": "NixOS",
        "ref": "nixpkgs-unstable",
        "repo": "nixpkgs",
        "type": "github"
      }
    },
    "nixpkgs_2": {
      "locked": {
        "lastModified": 1768564909,
        "narHash": "sha256-Kell/SpJYVkHWMvnhqJz/8DqQg2b6PguxVWOuadbHCc=",
        "owner": "NixOS",
        "repo": "nixpkgs",
        "rev": "e4bae1bd10c9c57b2cf517953ab70060a828ee6f",
        "type": "github"
      },
      "original": {
        "owner": "NixOS",
        "ref": "nixos-unstable",
        "repo": "nixpkgs",
        "type": "github"
      }
    },
    "nixpkgs_3": {
      "locked": {
        "lastModified": 1744536153,
        "narHash": "sha256-awS2zRgF4uTwrOKwwiJcByDzDOdo3Q1rPZbiHQg/N38=",
        "owner": "NixOS",
        "repo": "nixpkgs",
        "rev": "18dd725c29603f582cf1900e0d25f9f1063dbf11",
        "type": "github"
      },
      "original": {
        "owner": "NixOS",
        "ref": "nixpkgs-unstable",
        "repo": "nixpkgs",
        "type": "github"
      }
    },
    "nixpkgs_4": {
      "locked": {
        "lastModified": 1775639890,
        "narHash": "sha256-9O9gNidrdzcb7vgKGtff7QiLtr0IsVaCi0pAXm8anhQ=",
        "owner": "NixOS",
        "repo": "nixpkgs",
        "rev": "456e8a9468b9d46bd8c9524425026c00745bc4d2",
        "type": "github"
      },
      "original": {
        "owner": "NixOS",
        "ref": "nixpkgs-unstable",
        "repo": "nixpkgs",
        "type": "github"
      }
    },
    "nixpkgs_5": {
      "locked": {
        "lastModified": 1777797109,
        "narHash": "sha256-jlV1QvTRmA2k7RRD4PGQkFvrpqYeEfWffVtByZP6IeE=",
        "owner": "NixOS",
        "repo": "nixpkgs",
        "rev": "90c100cb48d61a0316b9479bb03f1be36d34b92a",
        "type": "github"
      },
      "original": {
        "owner": "NixOS",
        "ref": "nixpkgs-unstable",
        "repo": "nixpkgs",
        "type": "github"
      }
    },
    "nixpkgs_6": {
      "locked": {
        "lastModified": 1774386573,
        "narHash": "sha256-4hAV26quOxdC6iyG7kYaZcM3VOskcPUrdCQd/nx8obc=",
        "owner": "nixos",
        "repo": "nixpkgs",
        "rev": "46db2e09e1d3f113a13c0d7b81e2f221c63b8ce9",
        "type": "github"
      },
      "original": {
        "owner": "nixos",
        "ref": "nixos-unstable",
        "repo": "nixpkgs",
        "type": "github"
      }
    },
    "plugin-ansi-nvim": {
      "flake": false,
      "locked": {
        "lastModified": 1775672651,
        "narHash": "sha256-BIf3gXwVwtNFSZdGjdLqboKCwzviKJefe3zjwvUn5GA=",
        "owner": "0xferrous",
        "repo": "ansi.nvim",
        "rev": "95de464c315ecbe9d7ca3d9a203ef85def0cf6aa",
        "type": "github"
      },
      "original": {
        "owner": "0xferrous",
        "repo": "ansi.nvim",
        "type": "github"
      }
    },
    "plugin-diffie-nvim": {
      "flake": false,
      "locked": {
        "lastModified": 1775183812,
        "narHash": "sha256-2fR9Rg3D5ygDis7TmFFXb7mhajRVFt4cFce566YiOCY=",
        "owner": "0xferrous",
        "repo": "diffie.nvim",
        "rev": "c09b85706cfc7eeb1c1d09f7a395acb012452c93",
        "type": "github"
      },
      "original": {
        "owner": "0xferrous",
        "repo": "diffie.nvim",
        "type": "github"
      }
    },
    "plugin-eth-nvim": {
      "flake": false,
      "locked": {
        "lastModified": 1760194062,
        "narHash": "sha256-gjK7c6C9zyV3GBhXdxkfhDo/g072Zaq7AuLhZKBIl2M=",
        "owner": "0xferrous",
        "repo": "eth.nvim",
        "rev": "808a3987f099f527d2344a049beeb5771fbab389",
        "type": "github"
      },
      "original": {
        "owner": "0xferrous",
        "repo": "eth.nvim",
        "type": "github"
      }
    },
    "plugin-feed-nvim": {
      "flake": false,
      "locked": {
        "lastModified": 1765821067,
        "narHash": "sha256-6dry0pD4MXKSHi80LDxktjXQrPkWu3RnZ0SzXp9Gymg=",
        "owner": "neo451",
        "repo": "feed.nvim",
        "rev": "d1f8cee9df8ea4c7e319db701fb0ece0eca9a005",
        "type": "github"
      },
      "original": {
        "owner": "neo451",
        "ref": "v2.19.2",
        "repo": "feed.nvim",
        "type": "github"
      }
    },
    "plugin-floating-help": {
      "flake": false,
      "locked": {
        "lastModified": 1768428966,
        "narHash": "sha256-jC2+YKjxYLV+J3NEeDolglr/2uXssExjnDIMnGUFavk=",
        "owner": "Tyler-Barham",
        "repo": "floating-help.nvim",
        "rev": "ce8567e14c032c95ca4161e69b722c845b5739b3",
        "type": "github"
      },
      "original": {
        "owner": "Tyler-Barham",
        "repo": "floating-help.nvim",
        "type": "github"
      }
    },
    "plugin-flote": {
      "flake": false,
      "locked": {
        "lastModified": 1712959262,
        "narHash": "sha256-lzJWw+M9tTSIXfaZiiTWNqq8Be9/PlW6BhAlNOYjZbQ=",
        "owner": "JellyApple102",
        "repo": "flote.nvim",
        "rev": "0baa72f59c249b28cd33f07db862bed3192c03f9",
        "type": "github"
      },
      "original": {
        "owner": "JellyApple102",
        "repo": "flote.nvim",
        "type": "github"
      }
    },
    "plugin-logger-nvim": {
      "flake": false,
      "locked": {
        "lastModified": 1741504075,
        "narHash": "sha256-4xQFk7+3NWEx1XUZApy4Ldi2xdsna+HdkOmq9vWP3B0=",
        "owner": "rmagatti",
        "repo": "logger.nvim",
        "rev": "63dd10c9b9a159fd6cfe08435d9606384ff103c5",
        "type": "github"
      },
      "original": {
        "owner": "rmagatti",
        "repo": "logger.nvim",
        "type": "github"
      }
    },
    "plugin-mcphub-nvim": {
      "flake": false,
      "locked": {
        "lastModified": 1768730387,
        "narHash": "sha256-g9tPvjThz6EUk7zcY7lL+YH4lrT4x3FJ6jrNMHA8PAE=",
        "owner": "ravitemer",
        "repo": "mcphub.nvim",
        "rev": "7cd5db330f41b7bae02b2d6202218a061c3ebc1f",
        "type": "github"
      },
      "original": {
        "owner": "ravitemer",
        "repo": "mcphub.nvim",
        "type": "github"
      }
    },
    "plugin-neotest-foundry": {
      "flake": false,
      "locked": {
        "lastModified": 1748418966,
        "narHash": "sha256-bHKJCVtth/F36kjq+l9hHRRPMNITc+46kmFczVAixIg=",
        "owner": "llllvvuu",
        "repo": "neotest-foundry",
        "rev": "5eb1470bdeb5881474220d4bc4348edb779f0ad9",
        "type": "github"
      },
      "original": {
        "owner": "llllvvuu",
        "repo": "neotest-foundry",
        "type": "github"
      }
    },
    "plugin-nightsky-vim": {
      "flake": false,
      "locked": {
        "lastModified": 1718435959,
        "narHash": "sha256-sw7IA2tEDUj/BYgEiYNuVfY0FdgP61YkR+6kR90NPWg=",
        "owner": "nvimdev",
        "repo": "nightsky.vim",
        "rev": "84e644ac1460b2bee1763efa4c7a781a14bc4bb6",
        "type": "github"
      },
      "original": {
        "owner": "nvimdev",
        "repo": "nightsky.vim",
        "type": "github"
      }
    },
    "plugin-stickybuf-nvim": {
      "flake": false,
      "locked": {
        "lastModified": 1741152776,
        "narHash": "sha256-tMP91R7da79K7035lkVzVQ59xe8uG46qeH3uQU0iQLk=",
        "owner": "stevearc",
        "repo": "stickybuf.nvim",
        "rev": "0c1e5f1a3eb36eea2cea57083828269cc62c58e4",
        "type": "github"
      },
      "original": {
        "owner": "stevearc",
        "repo": "stickybuf.nvim",
        "type": "github"
      }
    },
    "plugin-toggleterm-manager": {
      "flake": false,
      "locked": {
        "lastModified": 1701400122,
        "narHash": "sha256-7t61kcqeOS9hPXc9y88Sa8D0ZXIqxCXtxFQzmHKFJ8c=",
        "owner": "ryanmsnyder",
        "repo": "toggleterm-manager.nvim",
        "rev": "31318b85a7cc20bf50ce32aedf4e835844133863",
        "type": "github"
      },
      "original": {
        "owner": "ryanmsnyder",
        "repo": "toggleterm-manager.nvim",
        "type": "github"
      }
    },
    "plugin-vim-circom-syntax": {
      "flake": false,
      "locked": {
        "lastModified": 1557919501,
        "narHash": "sha256-I0b6D5uvY4kWJJ3s4AyP7bgBUtSxdQcXf2+VBf6i5Ro=",
        "owner": "iden3",
        "repo": "vim-circom-syntax",
        "rev": "da7bb12643086c6907c334c5d049dad58a230ae2",
        "type": "github"
      },
      "original": {
        "owner": "iden3",
        "repo": "vim-circom-syntax",
        "type": "github"
      }
    },
    "root": {
      "inputs": {
        "agent-box": "agent-box",
        "agent-images": "agent-images",
        "fenix": "fenix",
        "flake-utils": "flake-utils_3",
        "foundry-nightly": "foundry-nightly",
        "foundry-stable": "foundry-stable",
        "frs-nvim": "frs-nvim",
        "ghmd": "ghmd",
        "llm-agents": "llm-agents_2",
        "nix-index-database": "nix-index-database",
        "nixpkgs": "nixpkgs_6"
      }
    },
    "rust-analyzer-src": {
      "flake": false,
      "locked": {
        "lastModified": 1776280158,
        "narHash": "sha256-0uGgwgFVPQ28cVx7onaB1iTCHGi20MNx54e6KZbYnMs=",
        "owner": "rust-lang",
        "repo": "rust-analyzer",
        "rev": "94c2f68935467a6381a4f3504ae6c709b5fd3c61",
        "type": "github"
      },
      "original": {
        "owner": "rust-lang",
        "ref": "nightly",
        "repo": "rust-analyzer",
        "type": "github"
      }
    },
    "rust-overlay": {
      "inputs": {
        "nixpkgs": "nixpkgs"
      },
      "locked": {
        "lastModified": 1773544328,
        "narHash": "sha256-Iv+qez54LAz+isij4APBk31VWA//Go81hwFOXr5iWTw=",
        "owner": "oxalica",
        "repo": "rust-overlay",
        "rev": "4f977d776793c8bfbfdd7eca7835847ccc48874e",
        "type": "github"
      },
      "original": {
        "owner": "oxalica",
        "repo": "rust-overlay",
        "type": "github"
      }
    },
    "rust-overlay_2": {
      "inputs": {
        "nixpkgs": "nixpkgs_3"
      },
      "locked": {
        "lastModified": 1773544328,
        "narHash": "sha256-Iv+qez54LAz+isij4APBk31VWA//Go81hwFOXr5iWTw=",
        "owner": "oxalica",
        "repo": "rust-overlay",
        "rev": "4f977d776793c8bfbfdd7eca7835847ccc48874e",
        "type": "github"
      },
      "original": {
        "owner": "oxalica",
        "repo": "rust-overlay",
        "type": "github"
      }
    },
    "systems": {
      "locked": {
        "lastModified": 1681028828,
        "narHash": "sha256-Vy1rq5AaRuLzOxct8nz4T6wlgyUR7zLU309k9mBC768=",
        "owner": "nix-systems",
        "repo": "default",
        "rev": "da67096a3b9bf56a91d16901293e51ba5b49a27e",
        "type": "github"
      },
      "original": {
        "owner": "nix-systems",
        "repo": "default",
        "type": "github"
      }
    },
    "systems_2": {
      "locked": {
        "lastModified": 1681028828,
        "narHash": "sha256-Vy1rq5AaRuLzOxct8nz4T6wlgyUR7zLU309k9mBC768=",
        "owner": "nix-systems",
        "repo": "default",
        "rev": "da67096a3b9bf56a91d16901293e51ba5b49a27e",
        "type": "github"
      },
      "original": {
        "owner": "nix-systems",
        "repo": "default",
        "type": "github"
      }
    },
    "systems_3": {
      "locked": {
        "lastModified": 1681028828,
        "narHash": "sha256-Vy1rq5AaRuLzOxct8nz4T6wlgyUR7zLU309k9mBC768=",
        "owner": "nix-systems",
        "repo": "default",
        "rev": "da67096a3b9bf56a91d16901293e51ba5b49a27e",
        "type": "github"
      },
      "original": {
        "owner": "nix-systems",
        "repo": "default",
        "type": "github"
      }
    },
    "systems_4": {
      "locked": {
        "lastModified": 1681028828,
        "narHash": "sha256-Vy1rq5AaRuLzOxct8nz4T6wlgyUR7zLU309k9mBC768=",
        "owner": "nix-systems",
        "repo": "default",
        "rev": "da67096a3b9bf56a91d16901293e51ba5b49a27e",
        "type": "github"
      },
      "original": {
        "owner": "nix-systems",
        "repo": "default",
        "type": "github"
      }
    },
    "systems_5": {
      "locked": {
        "lastModified": 1681028828,
        "narHash": "sha256-Vy1rq5AaRuLzOxct8nz4T6wlgyUR7zLU309k9mBC768=",
        "owner": "nix-systems",
        "repo": "default",
        "rev": "da67096a3b9bf56a91d16901293e51ba5b49a27e",
        "type": "github"
      },
      "original": {
        "owner": "nix-systems",
        "repo": "default",
        "type": "github"
      }
    },
    "systems_6": {
      "locked": {
        "lastModified": 1681028828,
        "narHash": "sha256-Vy1rq5AaRuLzOxct8nz4T6wlgyUR7zLU309k9mBC768=",
        "owner": "nix-systems",
        "repo": "default",
        "rev": "da67096a3b9bf56a91d16901293e51ba5b49a27e",
        "type": "github"
      },
      "original": {
        "owner": "nix-systems",
        "repo": "default",
        "type": "github"
      }
    },
    "treefmt-nix": {
      "inputs": {
        "nixpkgs": [
          "agent-images",
          "llm-agents",
          "nixpkgs"
        ]
      },
      "locked": {
        "lastModified": 1775636079,
        "narHash": "sha256-pc20NRoMdiar8oPQceQT47UUZMBTiMdUuWrYu2obUP0=",
        "owner": "numtide",
        "repo": "treefmt-nix",
        "rev": "790751ff7fd3801feeaf96d7dc416a8d581265ba",
        "type": "github"
      },
      "original": {
        "owner": "numtide",
        "repo": "treefmt-nix",
        "type": "github"
      }
    },
    "treefmt-nix_2": {
      "inputs": {
        "nixpkgs": [
          "agent-images",
          "nixpkgs"
        ]
      },
      "locked": {
        "lastModified": 1773297127,
        "narHash": "sha256-6E/yhXP7Oy/NbXtf1ktzmU8SdVqJQ09HC/48ebEGBpk=",
        "owner": "numtide",
        "repo": "treefmt-nix",
        "rev": "71b125cd05fbfd78cab3e070b73544abe24c5016",
        "type": "github"
      },
      "original": {
        "owner": "numtide",
        "repo": "treefmt-nix",
        "type": "github"
      }
    },
    "treefmt-nix_3": {
      "inputs": {
        "nixpkgs": [
          "llm-agents",
          "nixpkgs"
        ]
      },
      "locked": {
        "lastModified": 1775636079,
        "narHash": "sha256-pc20NRoMdiar8oPQceQT47UUZMBTiMdUuWrYu2obUP0=",
        "owner": "numtide",
        "repo": "treefmt-nix",
        "rev": "790751ff7fd3801feeaf96d7dc416a8d581265ba",
        "type": "github"
      },
      "original": {
        "owner": "numtide",
        "repo": "treefmt-nix",
        "type": "github"
      }
    }
  },
  "root": "root",
  "version": 7
}
